
Microsoft Visual Studio Solution File, Format Version 12.00
# Visual Studio Version 16
VisualStudioVersion = 16.0.31105.61
MinimumVisualStudioVersion = 10.0.40219.1
Project("{FAE04EC0-301F-11D3-BF4B-00C04F79EFBC}") = "Recursion", "Recursion\Recursion.csproj", "{4A898FC0-B2CC-498B-A706-DF7E923CC5A6}"
EndProject
Global
	GlobalSection(SolutionConfigurationPlatforms) = preSolution
		Debug|Any CPU = Debug|Any CPU
		Release|Any CPU = Release|Any CPU
	EndGlobalSection
	GlobalSection(ProjectConfigurationPlatforms) = postSolution
		{4A898FC0-B2CC-498B-A706-DF7E923CC5A6}.Debug|Any CPU.ActiveCfg = Debug|Any CPU
		{4A898FC0-B2CC-498B-A706-DF7E923CC5A6}.Debug|Any CPU.Build.0 = Debug|Any CPU
		{4A898FC0-B2CC-498B-A706-DF7E923CC5A6}.Release|Any CPU.ActiveCfg = Release|Any CPU
		{4A898FC0-B2CC-498B-A706-DF7E923CC5A6}.Release|Any CPU.Build.0 = Release|Any CPU
	EndGlobalSection
	GlobalSection(SolutionProperties) = preSolution
		HideSolutionNode = FALSE
	EndGlobalSection
	GlobalSection(ExtensibilityGlobals) = postSolution
		SolutionGuid = {776278C8-B595-4520-8515-161B193AA4A3}
	EndGlobalSection
EndGlobal
