
Microsoft Visual Studio Solution File, Format Version 12.00
# Visual Studio Version 16
VisualStudioVersion = 16.0.31105.61
MinimumVisualStudioVersion = 10.0.40219.1
Project("{FAE04EC0-301F-11D3-BF4B-00C04F79EFBC}") = "Constructors", "Constructors\Constructors.csproj", "{C145C3BD-02CF-47B3-8B9F-1C81A4D21BF0}"
EndProject
Global
	GlobalSection(SolutionConfigurationPlatforms) = preSolution
		Debug|Any CPU = Debug|Any CPU
		Release|Any CPU = Release|Any CPU
	EndGlobalSection
	GlobalSection(ProjectConfigurationPlatforms) = postSolution
		{C145C3BD-02CF-47B3-8B9F-1C81A4D21BF0}.Debug|Any CPU.ActiveCfg = Debug|Any CPU
		{C145C3BD-02CF-47B3-8B9F-1C81A4D21BF0}.Debug|Any CPU.Build.0 = Debug|Any CPU
		{C145C3BD-02CF-47B3-8B9F-1C81A4D21BF0}.Release|Any CPU.ActiveCfg = Release|Any CPU
		{C145C3BD-02CF-47B3-8B9F-1C81A4D21BF0}.Release|Any CPU.Build.0 = Release|Any CPU
	EndGlobalSection
	GlobalSection(SolutionProperties) = preSolution
		HideSolutionNode = FALSE
	EndGlobalSection
	GlobalSection(ExtensibilityGlobals) = postSolution
		SolutionGuid = {C811D7EA-8185-42A7-A3C1-A5B57CBAF68F}
	EndGlobalSection
EndGlobal
